
Microsoft Visual Studio Solution File, Format Version 12.00
# Visual Studio Version 17
VisualStudioVersion = 17.8.34322.80
MinimumVisualStudioVersion = 10.0.40219.1
Project("{FAE04EC0-301F-11D3-BF4B-00C04F79EFBC}") = "film-lijst-random", "film-lijst-random\film-lijst-random.csproj", "{4672DA6F-A716-41DF-A7E6-7A915EFA6E8E}"
EndProject
Project("{FAE04EC0-301F-11D3-BF4B-00C04F79EFBC}") = "DatabaseLibrary", "DatabaseLibrary\DatabaseLibrary.csproj", "{1E7E243B-2941-495A-9B76-CA08BA63D4F4}"
EndProject
Global
	GlobalSection(SolutionConfigurationPlatforms) = preSolution
		Debug|Any CPU = Debug|Any CPU
		Release|Any CPU = Release|Any CPU
	EndGlobalSection
	GlobalSection(ProjectConfigurationPlatforms) = postSolution
		{4672DA6F-A716-41DF-A7E6-7A915EFA6E8E}.Debug|Any CPU.ActiveCfg = Debug|Any CPU
		{4672DA6F-A716-41DF-A7E6-7A915EFA6E8E}.Debug|Any CPU.Build.0 = Debug|Any CPU
		{4672DA6F-A716-41DF-A7E6-7A915EFA6E8E}.Release|Any CPU.ActiveCfg = Release|Any CPU
		{4672DA6F-A716-41DF-A7E6-7A915EFA6E8E}.Release|Any CPU.Build.0 = Release|Any CPU
		{1E7E243B-2941-495A-9B76-CA08BA63D4F4}.Debug|Any CPU.ActiveCfg = Debug|Any CPU
		{1E7E243B-2941-495A-9B76-CA08BA63D4F4}.Debug|Any CPU.Build.0 = Debug|Any CPU
		{1E7E243B-2941-495A-9B76-CA08BA63D4F4}.Release|Any CPU.ActiveCfg = Release|Any CPU
		{1E7E243B-2941-495A-9B76-CA08BA63D4F4}.Release|Any CPU.Build.0 = Release|Any CPU
	EndGlobalSection
	GlobalSection(SolutionProperties) = preSolution
		HideSolutionNode = FALSE
	EndGlobalSection
	GlobalSection(ExtensibilityGlobals) = postSolution
		SolutionGuid = {AE07A51C-FBB3-4382-88B6-35CE966EA5EC}
	EndGlobalSection
EndGlobal
